github.com/google/go-cmp v0.5.8 h1:e6P7q2lk1O+qJJb4BtCQXlK8vWEO8V1ZeuEdJNOqZyg=
github.com/google/go-cmp v0.5.8/go.mod h1:17dUlkBOakJ0+DkrSSNjCkIjxS6bF9zb3elmeNGIjoY=
google.golang.org/genproto v0.0.0-20230706204954-ccb25ca9f130 h1:Au6te5hbKUV8pIYWHqOUZ1pva5qK/rwbIhoXEUB9Lu8=
google.golang.org/genproto v0.0.0-20230706204954-ccb25ca9f130/go.mod h1:O9kGHb51iE/nOGvQaDUuadVYqovW56s5emA88lQnj6Y=
google.golang.org/genproto/googleapis/api v0.0.0-20230726155614-23370e0ffb3e h1:z3vDksarJxsAKM5dmEGv0GHwE2hKJ096wZra71Vs4sw=
google.golang.org/genproto/googleapis/api v0.0.0-20230726155614-23370e0ffb3e/go.mod h1:rsr7RhLuwsDKL7RmgDDCUc6yaGr1iqceVb5Wv6f6YvQ=
google.golang.org/protobuf v1.36.2 h1:R8FeyR1/eLmkutZOM5CWghmo5itiG9z0ktFlTVLuTmU=
google.golang.org/protobuf v1.36.2/go.mod h1:9fA7Ob0pmnwhb644+1+CVWFRbNajQ6iRojtC/QF5bRE=
